{
    "version": 3,
    "terraform_version": "0.11.14",
    "serial": 40,
    "lineage": "378175c7-161f-f030-0294-a0c0e0516aa1",
    "modules": [
        {
            "path": [
                "root"
            ],
            "outputs": {},
            "resources": {
                "aws_cloudwatch_log_group.bastion-secure-log-group": {
                    "type": "aws_cloudwatch_log_group",
                    "depends_on": [],
                    "primary": {
                        "id": "terraform-20190708213649750100000001",
                        "attributes": {
                            "arn": "arn:aws:logs:us-east-2:118104210923:log-group:terraform-20190708213649750100000001:*",
                            "id": "terraform-20190708213649750100000001",
                            "kms_key_id": "",
                            "name": "terraform-20190708213649750100000001",
                            "retention_in_days": "90",
                            "tags.%": "0"
                        },
                        "meta": {},
                        "tainted": false
                    },
                    "deposed": [],
                    "provider": "provider.aws"
                },
                "aws_cloudwatch_log_metric_filter.bastion-ssh-closed-connection-metric-filter": {
                    "type": "aws_cloudwatch_log_metric_filter",
                    "depends_on": [
                        "aws_cloudwatch_log_group.bastion-secure-log-group"
                    ],
                    "primary": {
                        "id": "bastion-ssh-closed-connection-metric-filter",
                        "attributes": {
                            "id": "bastion-ssh-closed-connection-metric-filter",
                            "log_group_name": "terraform-20190708213649750100000001",
                            "metric_transformation.#": "1",
                            "metric_transformation.0.default_value": "",
                            "metric_transformation.0.name": "sshClosedConnection",
                            "metric_transformation.0.namespace": "SSH",
                            "metric_transformation.0.value": "1",
                            "name": "bastion-ssh-closed-connection-metric-filter",
                            "pattern": "[Mon, day, timestamp, ip, id, msg1= Connection,msg2 = closed, ...]"
                        },
                        "meta": {},
                        "tainted": false
                    },
                    "deposed": [],
                    "provider": "provider.aws"
                },
                "aws_cloudwatch_log_metric_filter.bastion-ssh-invalid-user-metric-filter": {
                    "type": "aws_cloudwatch_log_metric_filter",
                    "depends_on": [
                        "aws_cloudwatch_log_group.bastion-secure-log-group"
                    ],
                    "primary": {
                        "id": "bastion-ssh-invalid-user-metric-filter",
                        "attributes": {
                            "id": "bastion-ssh-invalid-user-metric-filter",
                            "log_group_name": "terraform-20190708213649750100000001",
                            "metric_transformation.#": "1",
                            "metric_transformation.0.default_value": "",
                            "metric_transformation.0.name": "sshInvalidUser",
                            "metric_transformation.0.namespace": "SSH",
                            "metric_transformation.0.value": "1",
                            "name": "bastion-ssh-invalid-user-metric-filter",
                            "pattern": "[Mon, day, timestamp, ip, id, status = Invalid, ...]"
                        },
                        "meta": {},
                        "tainted": false
                    },
                    "deposed": [],
                    "provider": "provider.aws"
                },
                "aws_cloudwatch_log_stream.bastion-secure-log-group-stream": {
                    "type": "aws_cloudwatch_log_stream",
                    "depends_on": [
                        "aws_cloudwatch_log_group.bastion-secure-log-group"
                    ],
                    "primary": {
                        "id": "log",
                        "attributes": {
                            "arn": "arn:aws:logs:us-east-2:118104210923:log-group:terraform-20190708213649750100000001:log-stream:log",
                            "id": "log",
                            "log_group_name": "terraform-20190708213649750100000001",
                            "name": "log"
                        },
                        "meta": {},
                        "tainted": false
                    },
                    "deposed": [],
                    "provider": "provider.aws"
                },
                "aws_cloudwatch_metric_alarm.bastion-ssh-closed-connection-alarm": {
                    "type": "aws_cloudwatch_metric_alarm",
                    "depends_on": [],
                    "primary": {
                        "id": "bastion-ssh-closed-connection-alarm",
                        "attributes": {
                            "actions_enabled": "true",
                            "alarm_actions.#": "0",
                            "alarm_description": "SSH connections closed due to invalid SSH key or username is greater than 5 in 5 minutes",
                            "alarm_name": "bastion-ssh-closed-connection-alarm",
                            "arn": "arn:aws:cloudwatch:us-east-2:118104210923:alarm:bastion-ssh-closed-connection-alarm",
                            "comparison_operator": "GreaterThanThreshold",
                            "datapoints_to_alarm": "0",
                            "dimensions.%": "0",
                            "evaluate_low_sample_count_percentiles": "",
                            "evaluation_periods": "1",
                            "extended_statistic": "",
                            "id": "bastion-ssh-closed-connection-alarm",
                            "insufficient_data_actions.#": "0",
                            "metric_name": "sshInvalidUser",
                            "namespace": "SSH",
                            "ok_actions.#": "0",
                            "period": "300",
                            "statistic": "Sum",
                            "tags.%": "0",
                            "threshold": "5",
                            "treat_missing_data": "notBreaching",
                            "unit": ""
                        },
                        "meta": {
                            "schema_version": "1"
                        },
                        "tainted": false
                    },
                    "deposed": [],
                    "provider": "provider.aws"
                },
                "aws_cloudwatch_metric_alarm.bastion-ssh-invalid-user-alarm": {
                    "type": "aws_cloudwatch_metric_alarm",
                    "depends_on": [],
                    "primary": {
                        "id": "bastion-ssh-invalid-user-alarm",
                        "attributes": {
                            "actions_enabled": "true",
                            "alarm_actions.#": "0",
                            "alarm_description": "SSH connections attempted with invalid username is greater than 3 over 1 minutes",
                            "alarm_name": "bastion-ssh-invalid-user-alarm",
                            "arn": "arn:aws:cloudwatch:us-east-2:118104210923:alarm:bastion-ssh-invalid-user-alarm",
                            "comparison_operator": "GreaterThanThreshold",
                            "datapoints_to_alarm": "0",
                            "dimensions.%": "0",
                            "evaluate_low_sample_count_percentiles": "",
                            "evaluation_periods": "1",
                            "extended_statistic": "",
                            "id": "bastion-ssh-invalid-user-alarm",
                            "insufficient_data_actions.#": "0",
                            "metric_name": "sshInvalidUser",
                            "namespace": "SSH",
                            "ok_actions.#": "0",
                            "period": "60",
                            "statistic": "Sum",
                            "tags.%": "0",
                            "threshold": "3",
                            "treat_missing_data": "notBreaching",
                            "unit": ""
                        },
                        "meta": {
                            "schema_version": "1"
                        },
                        "tainted": false
                    },
                    "deposed": [],
                    "provider": "provider.aws"
                },
                "aws_db_instance.grafana-database": {
                    "type": "aws_db_instance",
                    "depends_on": [
                        "aws_db_subnet_group.grafana-db-subnet-group",
                        "aws_security_group.grafana-tf-db"
                    ],
                    "primary": {
                        "id": "terraform-20190708233309197300000001",
                        "attributes": {
                            "address": "terraform-20190708233309197300000001.cvndiwoeny0b.us-east-2.rds.amazonaws.com",
                            "allocated_storage": "5",
                            "arn": "arn:aws:rds:us-east-2:118104210923:db:terraform-20190708233309197300000001",
                            "auto_minor_version_upgrade": "true",
                            "availability_zone": "us-east-2b",
                            "backup_retention_period": "0",
                            "backup_window": "07:10-07:40",
                            "ca_cert_identifier": "rds-ca-2015",
                            "copy_tags_to_snapshot": "true",
                            "db_subnet_group_name": "terraform-20190708232754072100000001",
                            "deletion_protection": "false",
                            "domain": "",
                            "domain_iam_role_name": "",
                            "enabled_cloudwatch_logs_exports.#": "0",
                            "endpoint": "terraform-20190708233309197300000001.cvndiwoeny0b.us-east-2.rds.amazonaws.com:5432",
                            "engine": "postgres",
                            "engine_version": "10.6",
                            "hosted_zone_id": "Z2XHWR1WZ565X2",
                            "iam_database_authentication_enabled": "false",
                            "id": "terraform-20190708233309197300000001",
                            "identifier": "terraform-20190708233309197300000001",
                            "instance_class": "db.t2.micro",
                            "iops": "0",
                            "kms_key_id": "",
                            "license_model": "postgresql-license",
                            "maintenance_window": "wed:04:57-wed:05:27",
                            "max_allocated_storage": "0",
                            "monitoring_interval": "0",
                            "multi_az": "false",
                            "name": "grafana",
                            "option_group_name": "default:postgres-10",
                            "parameter_group_name": "default.postgres10",
                            "password": "grafana-test123",
                            "performance_insights_enabled": "false",
                            "performance_insights_kms_key_id": "",
                            "performance_insights_retention_period": "0",
                            "port": "5432",
                            "publicly_accessible": "false",
                            "replicas.#": "0",
                            "replicate_source_db": "",
                            "resource_id": "db-AMW7OCQQZ3PUTASYNZB3EFAYNA",
                            "security_group_names.#": "0",
                            "skip_final_snapshot": "false",
                            "status": "available",
                            "storage_encrypted": "false",
                            "storage_type": "gp2",
                            "tags.%": "1",
                            "tags.Name": "grafana-tf-database",
                            "timezone": "",
                            "username": "grafanatest",
                            "vpc_security_group_ids.#": "1",
                            "vpc_security_group_ids.1973718662": "sg-0c79a75d94f4eaea2"
                        },
                        "meta": {
                            "e2bfb730-ecaa-11e6-8f88-34363bc7c4c0": {
                                "create": 2400000000000,
                                "delete": 2400000000000,
                                "update": 4800000000000
                            }
                        },
                        "tainted": false
                    },
                    "deposed": [],
                    "provider": "provider.aws"
                },
                "aws_db_subnet_group.grafana-db-subnet-group": {
                    "type": "aws_db_subnet_group",
                    "depends_on": [
                        "aws_subnet.grafana-tf-pri-subnet-1",
                        "aws_subnet.grafana-tf-pri-subnet-2"
                    ],
                    "primary": {
                        "id": "terraform-20190708232754072100000001",
                        "attributes": {
                            "arn": "arn:aws:rds:us-east-2:118104210923:subgrp:terraform-20190708232754072100000001",
                            "description": "Database subnet group",
                            "id": "terraform-20190708232754072100000001",
                            "name": "terraform-20190708232754072100000001",
                            "subnet_ids.#": "2",
                            "subnet_ids.2015483310": "subnet-00d2ae425de51f9c0",
                            "subnet_ids.981687463": "subnet-065dc989268de9dc7",
                            "tags.%": "1",
                            "tags.Name": "Grafana database subnet group"
                        },
                        "meta": {},
                        "tainted": false
                    },
                    "deposed": [],
                    "provider": "provider.aws"
                },
                "aws_eip.bastion-eip": {
                    "type": "aws_eip",
                    "depends_on": [],
                    "primary": {
                        "id": "eipalloc-08bfbd0566028ba17",
                        "attributes": {
                            "association_id": "eipassoc-0704bdfbcf67eb6fc",
                            "domain": "vpc",
                            "id": "eipalloc-08bfbd0566028ba17",
                            "instance": "i-01d78a8f336be84a3",
                            "network_interface": "eni-055106a42a7234693",
                            "private_dns": "ip-10-50-0-187.us-east-2.compute.internal",
                            "private_ip": "10.50.0.187",
                            "public_dns": "ec2-3-130-118-177.us-east-2.compute.amazonaws.com",
                            "public_ip": "3.130.118.177",
                            "public_ipv4_pool": "amazon",
                            "tags.%": "0",
                            "vpc": "true"
                        },
                        "meta": {
                            "e2bfb730-ecaa-11e6-8f88-34363bc7c4c0": {
                                "delete": 180000000000,
                                "read": 900000000000,
                                "update": 300000000000
                            }
                        },
                        "tainted": false
                    },
                    "deposed": [],
                    "provider": "provider.aws"
                },
                "aws_eip.grafana-tf-eip-1": {
                    "type": "aws_eip",
                    "depends_on": [
                        "aws_internet_gateway.grafana-tf-internet-gw"
                    ],
                    "primary": {
                        "id": "eipalloc-041b203eba0116aca",
                        "attributes": {
                            "association_id": "eipassoc-02e82d572aaebadee",
                            "domain": "vpc",
                            "id": "eipalloc-041b203eba0116aca",
                            "instance": "",
                            "network_interface": "eni-0e07fb89ca1fa5341",
                            "private_dns": "ip-10-50-0-141.us-east-2.compute.internal",
                            "private_ip": "10.50.0.141",
                            "public_dns": "ec2-3-13-223-104.us-east-2.compute.amazonaws.com",
                            "public_ip": "3.13.223.104",
                            "public_ipv4_pool": "amazon",
                            "tags.%": "0",
                            "vpc": "true"
                        },
                        "meta": {
                            "e2bfb730-ecaa-11e6-8f88-34363bc7c4c0": {
                                "delete": 180000000000,
                                "read": 900000000000,
                                "update": 300000000000
                            }
                        },
                        "tainted": false
                    },
                    "deposed": [],
                    "provider": "provider.aws"
                },
                "aws_eip.grafana-tf-eip-2": {
                    "type": "aws_eip",
                    "depends_on": [
                        "aws_internet_gateway.grafana-tf-internet-gw"
                    ],
                    "primary": {
                        "id": "eipalloc-089de071bcf27d985",
                        "attributes": {
                            "association_id": "eipassoc-0fd1da1703fcc567d",
                            "domain": "vpc",
                            "id": "eipalloc-089de071bcf27d985",
                            "instance": "",
                            "network_interface": "eni-0e8a0b0d51aa26809",
                            "private_dns": "ip-10-50-1-14.us-east-2.compute.internal",
                            "private_ip": "10.50.1.14",
                            "public_dns": "ec2-3-15-126-196.us-east-2.compute.amazonaws.com",
                            "public_ip": "3.15.126.196",
                            "public_ipv4_pool": "amazon",
                            "tags.%": "0",
                            "vpc": "true"
                        },
                        "meta": {
                            "e2bfb730-ecaa-11e6-8f88-34363bc7c4c0": {
                                "delete": 180000000000,
                                "read": 900000000000,
                                "update": 300000000000
                            }
                        },
                        "tainted": false
                    },
                    "deposed": [],
                    "provider": "provider.aws"
                },
                "aws_eip_association.bastion-eip-association": {
                    "type": "aws_eip_association",
                    "depends_on": [
                        "aws_eip.bastion-eip",
                        "aws_network_interface.bastion-network-interface"
                    ],
                    "primary": {
                        "id": "eipassoc-0704bdfbcf67eb6fc",
                        "attributes": {
                            "allocation_id": "eipalloc-08bfbd0566028ba17",
                            "id": "eipassoc-0704bdfbcf67eb6fc",
                            "instance_id": "i-01d78a8f336be84a3",
                            "network_interface_id": "eni-055106a42a7234693",
                            "private_ip_address": "10.50.0.187",
                            "public_ip": "3.130.118.177"
                        },
                        "meta": {},
                        "tainted": false
                    },
                    "deposed": [],
                    "provider": "provider.aws"
                },
                "aws_iam_instance_profile.bastion-instance-profile": {
                    "type": "aws_iam_instance_profile",
                    "depends_on": [
                        "aws_iam_role.bastion_iam"
                    ],
                    "primary": {
                        "id": "terraform-20190708215506458400000001",
                        "attributes": {
                            "arn": "arn:aws:iam::118104210923:instance-profile/terraform-20190708215506458400000001",
                            "create_date": "2019-07-08T21:55:06Z",
                            "id": "terraform-20190708215506458400000001",
                            "name": "terraform-20190708215506458400000001",
                            "path": "/",
                            "role": "grafana-tf-cloudwatch-logs",
                            "roles.#": "1",
                            "roles.1143515498": "grafana-tf-cloudwatch-logs",
                            "unique_id": "AIPARW74PHXVW26GFXU4M"
                        },
                        "meta": {},
                        "tainted": false
                    },
                    "deposed": [],
                    "provider": "provider.aws"
                },
                "aws_iam_role.bastion_iam": {
                    "type": "aws_iam_role",
                    "depends_on": [
                        "data.aws_iam_policy_document.cloudwatch-logs"
                    ],
                    "primary": {
                        "id": "grafana-tf-cloudwatch-logs",
                        "attributes": {
                            "arn": "arn:aws:iam::118104210923:role/grafana-tf-cloudwatch-logs",
                            "assume_role_policy": "{\"Version\":\"2012-10-17\",\"Statement\":[{\"Sid\":\"\",\"Effect\":\"Allow\",\"Principal\":{\"Service\":\"ec2.amazonaws.com\"},\"Action\":\"sts:AssumeRole\"}]}",
                            "create_date": "2019-07-08T21:20:20Z",
                            "description": "",
                            "force_detach_policies": "false",
                            "id": "grafana-tf-cloudwatch-logs",
                            "max_session_duration": "3600",
                            "name": "grafana-tf-cloudwatch-logs",
                            "path": "/",
                            "tags.%": "0",
                            "unique_id": "AROARW74PHXV5PP5VZHUH"
                        },
                        "meta": {},
                        "tainted": false
                    },
                    "deposed": [],
                    "provider": "provider.aws"
                },
                "aws_iam_role_policy.grafana-tf-cloudwatch-logs": {
                    "type": "aws_iam_role_policy",
                    "depends_on": [
                        "aws_cloudwatch_log_group.bastion-secure-log-group",
                        "aws_iam_role.bastion_iam"
                    ],
                    "primary": {
                        "id": "grafana-tf-cloudwatch-logs:grafana-tf-cloudwatch-logs",
                        "attributes": {
                            "id": "grafana-tf-cloudwatch-logs:grafana-tf-cloudwatch-logs",
                            "name": "grafana-tf-cloudwatch-logs",
                            "policy": "{\n  \"Version\": \"2012-10-17\",\n  \"Statement\": [\n    {\n      \"Action\": [\n        \"logs:DescribeLogStreams\",\n        \"logs:PutLogEvents\"\n      ],\n      \"Effect\": \"Allow\",\n      \"Resource\": \"arn:aws:logs:us-east-2:118104210923:log-group:terraform-20190708213649750100000001:*\"\n    }\n  ]\n}\n",
                            "role": "grafana-tf-cloudwatch-logs"
                        },
                        "meta": {},
                        "tainted": false
                    },
                    "deposed": [],
                    "provider": "provider.aws"
                },
                "aws_instance.bastion": {
                    "type": "aws_instance",
                    "depends_on": [
                        "aws_iam_instance_profile.bastion-instance-profile",
                        "aws_key_pair.bastion-key",
                        "aws_network_interface.bastion-network-interface",
                        "data.template_file.user_data"
                    ],
                    "primary": {
                        "id": "i-01d78a8f336be84a3",
                        "attributes": {
                            "ami": "ami-f63b1193",
                            "arn": "arn:aws:ec2:us-east-2:118104210923:instance/i-01d78a8f336be84a3",
                            "associate_public_ip_address": "true",
                            "availability_zone": "us-east-2a",
                            "cpu_core_count": "1",
                            "cpu_threads_per_core": "1",
                            "credit_specification.#": "1",
                            "credit_specification.0.cpu_credits": "standard",
                            "disable_api_termination": "false",
                            "ebs_block_device.#": "0",
                            "ebs_optimized": "false",
                            "ephemeral_block_device.#": "0",
                            "get_password_data": "false",
                            "iam_instance_profile": "terraform-20190708215506458400000001",
                            "id": "i-01d78a8f336be84a3",
                            "instance_state": "running",
                            "instance_type": "t2.micro",
                            "ipv6_address_count": "0",
                            "ipv6_addresses.#": "0",
                            "key_name": "bastion-key",
                            "monitoring": "false",
                            "network_interface.#": "1",
                            "network_interface.1569678148.delete_on_termination": "false",
                            "network_interface.1569678148.device_index": "0",
                            "network_interface.1569678148.network_interface_id": "eni-055106a42a7234693",
                            "password_data": "",
                            "placement_group": "",
                            "primary_network_interface_id": "eni-055106a42a7234693",
                            "private_dns": "ip-10-50-0-187.us-east-2.compute.internal",
                            "private_ip": "10.50.0.187",
                            "public_dns": "ec2-3-130-118-177.us-east-2.compute.amazonaws.com",
                            "public_ip": "3.130.118.177",
                            "root_block_device.#": "1",
                            "root_block_device.0.delete_on_termination": "true",
                            "root_block_device.0.iops": "100",
                            "root_block_device.0.volume_id": "vol-0231b55dc3f0015a9",
                            "root_block_device.0.volume_size": "8",
                            "root_block_device.0.volume_type": "gp2",
                            "security_groups.#": "0",
                            "source_dest_check": "true",
                            "subnet_id": "subnet-08b5c0c5479b7ae60",
                            "tags.%": "1",
                            "tags.Name": "grafana-tf-bastion-instance",
                            "tenancy": "default",
                            "user_data": "45e08a510187a603916d9f108abba632158eaf62",
                            "volume_tags.%": "0",
                            "vpc_security_group_ids.#": "1",
                            "vpc_security_group_ids.258963664": "sg-0701f0d9ffaf7676d"
                        },
                        "meta": {
                            "e2bfb730-ecaa-11e6-8f88-34363bc7c4c0": {
                                "create": 600000000000,
                                "delete": 1200000000000,
                                "update": 600000000000
                            },
                            "schema_version": "1"
                        },
                        "tainted": false
                    },
                    "deposed": [],
                    "provider": "provider.aws"
                },
                "aws_internet_gateway.grafana-tf-internet-gw": {
                    "type": "aws_internet_gateway",
                    "depends_on": [
                        "aws_vpc.grafana-tf-vpc"
                    ],
                    "primary": {
                        "id": "igw-075769abadf203bba",
                        "attributes": {
                            "id": "igw-075769abadf203bba",
                            "owner_id": "118104210923",
                            "tags.%": "1",
                            "tags.Name": "grafana-tf-internet-gw",
                            "vpc_id": "vpc-076c73ab6f54caae6"
                        },
                        "meta": {},
                        "tainted": false
                    },
                    "deposed": [],
                    "provider": "provider.aws"
                },
                "aws_key_pair.bastion-key": {
                    "type": "aws_key_pair",
                    "depends_on": [],
                    "primary": {
                        "id": "bastion-key",
                        "attributes": {
                            "fingerprint": "44:05:7f:88:c0:66:b8:2d:d4:01:6b:36:75:7c:ee:e1",
                            "id": "bastion-key",
                            "key_name": "bastion-key",
                            "public_key": "ssh-rsa AAAAB3NzaC1yc2EAAAADAQABAAACAQC+AqGJw0yw+GpXJ+HQwXLRmTmhuaH3pt2KgDVk18bM3pAvg1ku1/a7nLBPZw4JZqIHdogmMRgiqT1CWnQIf9V1wT1rrsqiI2T4NIdEa+FM2G2WD8bhEs+a/++J40KM5vL6EkdIQWjTjqw9k2kArbqpk8v0mtMRRpYlblcFLfhSXhAvHKy61ikBaUZ6XiwdMPthhzMipSPSwSMTAo8JcqrJPvyFSQNuhCEUlR4FR2hO3gNBTITMEzoKW8CWJ9gwrfBA1fFzYz1YIO3MR4OLTYT0KD4jJnH1hnRvM1xNB9zXmnqu76jlmqdtXat1z9ozS+ZtmblCidSSnoo44yttthO8KHhfaDxr2gmWeMpZaGEHFxSJI5Tl8A/386ADlVRWpBeSnANLYeD9stbAtmt0siL2+Lp0XXW9AwOqTSdyNBYP3qfoaCu2BhKsflfVhNdhoQ1kryBDqiOuOiUe2/EcM+nOny8Dks2icGXSxTrhnNztxF7abAcDk5TjnjiAhTdwCP7ws7QMg534gBrsUG8HWTilaMTDRQTkRxRS9MYsLub+P7Y7O/tG/31E9bV5QEOs5I1PgWptW/7SpT7CMPklPb4izigMCu+EiTJdCH+c66V5xng/wuIZ5ogTb1TvWqrppsnDtw+KjkygZR+yQXnv9akdBJdMO1WkO3YSG2lfvzw0Cw== grafana-test@test.com"
                        },
                        "meta": {
                            "schema_version": "1"
                        },
                        "tainted": false
                    },
                    "deposed": [],
                    "provider": "provider.aws"
                },
                "aws_nat_gateway.grafana-tf-nat-gw1": {
                    "type": "aws_nat_gateway",
                    "depends_on": [
                        "aws_eip.grafana-tf-eip-1",
                        "aws_internet_gateway.grafana-tf-internet-gw",
                        "aws_subnet.grafana-tf-pub-subnet-1"
                    ],
                    "primary": {
                        "id": "nat-0b5bec26525b827e9",
                        "attributes": {
                            "allocation_id": "eipalloc-041b203eba0116aca",
                            "id": "nat-0b5bec26525b827e9",
                            "network_interface_id": "eni-0e07fb89ca1fa5341",
                            "private_ip": "10.50.0.141",
                            "public_ip": "3.13.223.104",
                            "subnet_id": "subnet-08b5c0c5479b7ae60",
                            "tags.%": "0"
                        },
                        "meta": {},
                        "tainted": false
                    },
                    "deposed": [],
                    "provider": "provider.aws"
                },
                "aws_nat_gateway.grafana-tf-nat-gw2": {
                    "type": "aws_nat_gateway",
                    "depends_on": [
                        "aws_eip.grafana-tf-eip-2",
                        "aws_internet_gateway.grafana-tf-internet-gw",
                        "aws_subnet.grafana-tf-pub-subnet-2"
                    ],
                    "primary": {
                        "id": "nat-0b11b2a841bab934e",
                        "attributes": {
                            "allocation_id": "eipalloc-089de071bcf27d985",
                            "id": "nat-0b11b2a841bab934e",
                            "network_interface_id": "eni-0e8a0b0d51aa26809",
                            "private_ip": "10.50.1.14",
                            "public_ip": "3.15.126.196",
                            "subnet_id": "subnet-08aaaea071602eeb6",
                            "tags.%": "0"
                        },
                        "meta": {},
                        "tainted": false
                    },
                    "deposed": [],
                    "provider": "provider.aws"
                },
                "aws_network_interface.bastion-network-interface": {
                    "type": "aws_network_interface",
                    "depends_on": [
                        "aws_instance.bastion",
                        "aws_security_group.grafana-tf-bastion",
                        "aws_subnet.grafana-tf-pub-subnet-1"
                    ],
                    "primary": {
                        "id": "eni-055106a42a7234693",
                        "attributes": {
                            "attachment.#": "1",
                            "attachment.1814767769.attachment_id": "eni-attach-0a683224c14abce80",
                            "attachment.1814767769.device_index": "0",
                            "attachment.1814767769.instance": "i-01d78a8f336be84a3",
                            "description": "",
                            "id": "eni-055106a42a7234693",
                            "private_dns_name": "ip-10-50-0-187.us-east-2.compute.internal",
                            "private_ip": "10.50.0.187",
                            "private_ips.#": "1",
                            "private_ips.1827891988": "10.50.0.187",
                            "private_ips_count": "0",
                            "security_groups.#": "1",
                            "security_groups.258963664": "sg-0701f0d9ffaf7676d",
                            "source_dest_check": "true",
                            "subnet_id": "subnet-08b5c0c5479b7ae60",
                            "tags.%": "1",
                            "tags.Name": "grafana-tf-bastion"
                        },
                        "meta": {},
                        "tainted": false
                    },
                    "deposed": [],
                    "provider": "provider.aws"
                },
                "aws_route.grafana-tf-pub-route": {
                    "type": "aws_route",
                    "depends_on": [
                        "aws_internet_gateway.grafana-tf-internet-gw",
                        "aws_route_table.grafana-tf-rt"
                    ],
                    "primary": {
                        "id": "r-rtb-0180ebda7b3d91e001080289494",
                        "attributes": {
                            "destination_cidr_block": "0.0.0.0/0",
                            "destination_prefix_list_id": "",
                            "egress_only_gateway_id": "",
                            "gateway_id": "igw-075769abadf203bba",
                            "id": "r-rtb-0180ebda7b3d91e001080289494",
                            "instance_id": "",
                            "instance_owner_id": "",
                            "nat_gateway_id": "",
                            "network_interface_id": "",
                            "origin": "CreateRoute",
                            "route_table_id": "rtb-0180ebda7b3d91e00",
                            "state": "active",
                            "transit_gateway_id": "",
                            "vpc_peering_connection_id": ""
                        },
                        "meta": {
                            "e2bfb730-ecaa-11e6-8f88-34363bc7c4c0": {
                                "create": 120000000000,
                                "delete": 300000000000
                            }
                        },
                        "tainted": false
                    },
                    "deposed": [],
                    "provider": "provider.aws"
                },
                "aws_route.grafana-tf-route-1": {
                    "type": "aws_route",
                    "depends_on": [
                        "aws_nat_gateway.grafana-tf-nat-gw1",
                        "aws_route_table.grafana-tf-nat-rt-1"
                    ],
                    "primary": {
                        "id": "r-rtb-08f282b1eb2b57b0b1080289494",
                        "attributes": {
                            "destination_cidr_block": "0.0.0.0/0",
                            "destination_prefix_list_id": "",
                            "egress_only_gateway_id": "",
                            "gateway_id": "",
                            "id": "r-rtb-08f282b1eb2b57b0b1080289494",
                            "instance_id": "",
                            "instance_owner_id": "",
                            "nat_gateway_id": "nat-0b5bec26525b827e9",
                            "network_interface_id": "",
                            "origin": "CreateRoute",
                            "route_table_id": "rtb-08f282b1eb2b57b0b",
                            "state": "active",
                            "transit_gateway_id": "",
                            "vpc_peering_connection_id": ""
                        },
                        "meta": {
                            "e2bfb730-ecaa-11e6-8f88-34363bc7c4c0": {
                                "create": 120000000000,
                                "delete": 300000000000
                            }
                        },
                        "tainted": false
                    },
                    "deposed": [],
                    "provider": "provider.aws"
                },
                "aws_route.grafana-tf-route-2": {
                    "type": "aws_route",
                    "depends_on": [
                        "aws_nat_gateway.grafana-tf-nat-gw2",
                        "aws_route_table.grafana-tf-nat-rt-2"
                    ],
                    "primary": {
                        "id": "r-rtb-052e4d11e6a3bcd3a1080289494",
                        "attributes": {
                            "destination_cidr_block": "0.0.0.0/0",
                            "destination_prefix_list_id": "",
                            "egress_only_gateway_id": "",
                            "gateway_id": "",
                            "id": "r-rtb-052e4d11e6a3bcd3a1080289494",
                            "instance_id": "",
                            "instance_owner_id": "",
                            "nat_gateway_id": "nat-0b11b2a841bab934e",
                            "network_interface_id": "",
                            "origin": "CreateRoute",
                            "route_table_id": "rtb-052e4d11e6a3bcd3a",
                            "state": "active",
                            "transit_gateway_id": "",
                            "vpc_peering_connection_id": ""
                        },
                        "meta": {
                            "e2bfb730-ecaa-11e6-8f88-34363bc7c4c0": {
                                "create": 120000000000,
                                "delete": 300000000000
                            }
                        },
                        "tainted": false
                    },
                    "deposed": [],
                    "provider": "provider.aws"
                },
                "aws_route_table.grafana-tf-nat-rt-1": {
                    "type": "aws_route_table",
                    "depends_on": [
                        "aws_vpc.grafana-tf-vpc"
                    ],
                    "primary": {
                        "id": "rtb-08f282b1eb2b57b0b",
                        "attributes": {
                            "id": "rtb-08f282b1eb2b57b0b",
                            "owner_id": "118104210923",
                            "propagating_vgws.#": "0",
                            "route.#": "1",
                            "route.450254863.cidr_block": "0.0.0.0/0",
                            "route.450254863.egress_only_gateway_id": "",
                            "route.450254863.gateway_id": "",
                            "route.450254863.instance_id": "",
                            "route.450254863.ipv6_cidr_block": "",
                            "route.450254863.nat_gateway_id": "nat-0b5bec26525b827e9",
                            "route.450254863.network_interface_id": "",
                            "route.450254863.transit_gateway_id": "",
                            "route.450254863.vpc_peering_connection_id": "",
                            "tags.%": "1",
                            "tags.Name": "grafana-tf-private-nat-1",
                            "vpc_id": "vpc-076c73ab6f54caae6"
                        },
                        "meta": {},
                        "tainted": false
                    },
                    "deposed": [],
                    "provider": "provider.aws"
                },
                "aws_route_table.grafana-tf-nat-rt-2": {
                    "type": "aws_route_table",
                    "depends_on": [
                        "aws_vpc.grafana-tf-vpc"
                    ],
                    "primary": {
                        "id": "rtb-052e4d11e6a3bcd3a",
                        "attributes": {
                            "id": "rtb-052e4d11e6a3bcd3a",
                            "owner_id": "118104210923",
                            "propagating_vgws.#": "0",
                            "route.#": "1",
                            "route.82302872.cidr_block": "0.0.0.0/0",
                            "route.82302872.egress_only_gateway_id": "",
                            "route.82302872.gateway_id": "",
                            "route.82302872.instance_id": "",
                            "route.82302872.ipv6_cidr_block": "",
                            "route.82302872.nat_gateway_id": "nat-0b11b2a841bab934e",
                            "route.82302872.network_interface_id": "",
                            "route.82302872.transit_gateway_id": "",
                            "route.82302872.vpc_peering_connection_id": "",
                            "tags.%": "1",
                            "tags.Name": "grafana-tf-private-nat-2",
                            "vpc_id": "vpc-076c73ab6f54caae6"
                        },
                        "meta": {},
                        "tainted": false
                    },
                    "deposed": [],
                    "provider": "provider.aws"
                },
                "aws_route_table.grafana-tf-rt": {
                    "type": "aws_route_table",
                    "depends_on": [
                        "aws_vpc.grafana-tf-vpc"
                    ],
                    "primary": {
                        "id": "rtb-0180ebda7b3d91e00",
                        "attributes": {
                            "id": "rtb-0180ebda7b3d91e00",
                            "owner_id": "118104210923",
                            "propagating_vgws.#": "0",
                            "route.#": "1",
                            "route.282782040.cidr_block": "0.0.0.0/0",
                            "route.282782040.egress_only_gateway_id": "",
                            "route.282782040.gateway_id": "igw-075769abadf203bba",
                            "route.282782040.instance_id": "",
                            "route.282782040.ipv6_cidr_block": "",
                            "route.282782040.nat_gateway_id": "",
                            "route.282782040.network_interface_id": "",
                            "route.282782040.transit_gateway_id": "",
                            "route.282782040.vpc_peering_connection_id": "",
                            "tags.%": "0",
                            "vpc_id": "vpc-076c73ab6f54caae6"
                        },
                        "meta": {},
                        "tainted": false
                    },
                    "deposed": [],
                    "provider": "provider.aws"
                },
                "aws_route_table_association.grafana-tf-private-subnet-rt-assoc-1": {
                    "type": "aws_route_table_association",
                    "depends_on": [
                        "aws_route_table.grafana-tf-nat-rt-1",
                        "aws_subnet.grafana-tf-pri-subnet-1"
                    ],
                    "primary": {
                        "id": "rtbassoc-02c12b9f4810d4f09",
                        "attributes": {
                            "id": "rtbassoc-02c12b9f4810d4f09",
                            "route_table_id": "rtb-08f282b1eb2b57b0b",
                            "subnet_id": "subnet-00d2ae425de51f9c0"
                        },
                        "meta": {},
                        "tainted": false
                    },
                    "deposed": [],
                    "provider": "provider.aws"
                },
                "aws_route_table_association.grafana-tf-private-subnet-rt-assoc-2": {
                    "type": "aws_route_table_association",
                    "depends_on": [
                        "aws_route_table.grafana-tf-nat-rt-2",
                        "aws_subnet.grafana-tf-pri-subnet-2"
                    ],
                    "primary": {
                        "id": "rtbassoc-0894b84ab8c6b7b69",
                        "attributes": {
                            "id": "rtbassoc-0894b84ab8c6b7b69",
                            "route_table_id": "rtb-052e4d11e6a3bcd3a",
                            "subnet_id": "subnet-065dc989268de9dc7"
                        },
                        "meta": {},
                        "tainted": false
                    },
                    "deposed": [],
                    "provider": "provider.aws"
                },
                "aws_route_table_association.grafana-tf-pub-assoc-1": {
                    "type": "aws_route_table_association",
                    "depends_on": [
                        "aws_route_table.grafana-tf-rt",
                        "aws_subnet.grafana-tf-pub-subnet-1"
                    ],
                    "primary": {
                        "id": "rtbassoc-01a99552c1fb09535",
                        "attributes": {
                            "id": "rtbassoc-01a99552c1fb09535",
                            "route_table_id": "rtb-0180ebda7b3d91e00",
                            "subnet_id": "subnet-08b5c0c5479b7ae60"
                        },
                        "meta": {},
                        "tainted": false
                    },
                    "deposed": [],
                    "provider": "provider.aws"
                },
                "aws_route_table_association.grafana-tf-pub-assoc-2": {
                    "type": "aws_route_table_association",
                    "depends_on": [
                        "aws_route_table.grafana-tf-rt",
                        "aws_subnet.grafana-tf-pub-subnet-2"
                    ],
                    "primary": {
                        "id": "rtbassoc-0a07482314fb1051b",
                        "attributes": {
                            "id": "rtbassoc-0a07482314fb1051b",
                            "route_table_id": "rtb-0180ebda7b3d91e00",
                            "subnet_id": "subnet-08aaaea071602eeb6"
                        },
                        "meta": {},
                        "tainted": false
                    },
                    "deposed": [],
                    "provider": "provider.aws"
                },
                "aws_security_group.grafana-tf-app": {
                    "type": "aws_security_group",
                    "depends_on": [
                        "aws_security_group.grafana-tf-bastion",
                        "aws_security_group.grafana-tf-elb",
                        "aws_vpc.grafana-tf-vpc"
                    ],
                    "primary": {
                        "id": "sg-060ab1979a9fab4a5",
                        "attributes": {
                            "arn": "arn:aws:ec2:us-east-2:118104210923:security-group/sg-060ab1979a9fab4a5",
                            "description": "Managed by Terraform",
                            "egress.#": "1",
                            "egress.482069346.cidr_blocks.#": "1",
                            "egress.482069346.cidr_blocks.0": "0.0.0.0/0",
                            "egress.482069346.description": "",
                            "egress.482069346.from_port": "0",
                            "egress.482069346.ipv6_cidr_blocks.#": "0",
                            "egress.482069346.prefix_list_ids.#": "0",
                            "egress.482069346.protocol": "-1",
                            "egress.482069346.security_groups.#": "0",
                            "egress.482069346.self": "false",
                            "egress.482069346.to_port": "0",
                            "id": "sg-060ab1979a9fab4a5",
                            "ingress.#": "2",
                            "ingress.1045897946.cidr_blocks.#": "0",
                            "ingress.1045897946.description": "",
                            "ingress.1045897946.from_port": "3000",
                            "ingress.1045897946.ipv6_cidr_blocks.#": "0",
                            "ingress.1045897946.prefix_list_ids.#": "0",
                            "ingress.1045897946.protocol": "tcp",
                            "ingress.1045897946.security_groups.#": "1",
                            "ingress.1045897946.security_groups.1511323919": "sg-01a78df6bf123b17b",
                            "ingress.1045897946.self": "false",
                            "ingress.1045897946.to_port": "3000",
                            "ingress.13572338.cidr_blocks.#": "0",
                            "ingress.13572338.description": "",
                            "ingress.13572338.from_port": "22",
                            "ingress.13572338.ipv6_cidr_blocks.#": "0",
                            "ingress.13572338.prefix_list_ids.#": "0",
                            "ingress.13572338.protocol": "tcp",
                            "ingress.13572338.security_groups.#": "1",
                            "ingress.13572338.security_groups.258963664": "sg-0701f0d9ffaf7676d",
                            "ingress.13572338.self": "false",
                            "ingress.13572338.to_port": "22",
                            "name": "terraform-20190708190513610500000004",
                            "owner_id": "118104210923",
                            "revoke_rules_on_delete": "false",
                            "tags.%": "2",
                            "tags.Name": "grafana-tf-app",
                            "tags.description": "Enable access to the bastion host",
                            "vpc_id": "vpc-076c73ab6f54caae6"
                        },
                        "meta": {
                            "e2bfb730-ecaa-11e6-8f88-34363bc7c4c0": {
                                "create": 600000000000,
                                "delete": 600000000000
                            },
                            "schema_version": "1"
                        },
                        "tainted": false
                    },
                    "deposed": [],
                    "provider": "provider.aws"
                },
                "aws_security_group.grafana-tf-bastion": {
                    "type": "aws_security_group",
                    "depends_on": [
                        "aws_vpc.grafana-tf-vpc"
                    ],
                    "primary": {
                        "id": "sg-0701f0d9ffaf7676d",
                        "attributes": {
                            "arn": "arn:aws:ec2:us-east-2:118104210923:security-group/sg-0701f0d9ffaf7676d",
                            "description": "Managed by Terraform",
                            "egress.#": "3",
                            "egress.1677965357.cidr_blocks.#": "1",
                            "egress.1677965357.cidr_blocks.0": "0.0.0.0/0",
                            "egress.1677965357.description": "",
                            "egress.1677965357.from_port": "443",
                            "egress.1677965357.ipv6_cidr_blocks.#": "0",
                            "egress.1677965357.prefix_list_ids.#": "0",
                            "egress.1677965357.protocol": "tcp",
                            "egress.1677965357.security_groups.#": "0",
                            "egress.1677965357.self": "false",
                            "egress.1677965357.to_port": "443",
                            "egress.175581810.cidr_blocks.#": "1",
                            "egress.175581810.cidr_blocks.0": "0.0.0.0/0",
                            "egress.175581810.description": "",
                            "egress.175581810.from_port": "123",
                            "egress.175581810.ipv6_cidr_blocks.#": "0",
                            "egress.175581810.prefix_list_ids.#": "0",
                            "egress.175581810.protocol": "udp",
                            "egress.175581810.security_groups.#": "0",
                            "egress.175581810.self": "false",
                            "egress.175581810.to_port": "123",
                            "egress.2080286321.cidr_blocks.#": "1",
                            "egress.2080286321.cidr_blocks.0": "0.0.0.0/0",
                            "egress.2080286321.description": "",
                            "egress.2080286321.from_port": "80",
                            "egress.2080286321.ipv6_cidr_blocks.#": "0",
                            "egress.2080286321.prefix_list_ids.#": "0",
                            "egress.2080286321.protocol": "tcp",
                            "egress.2080286321.security_groups.#": "0",
                            "egress.2080286321.self": "false",
                            "egress.2080286321.to_port": "80",
                            "id": "sg-0701f0d9ffaf7676d",
                            "ingress.#": "1",
                            "ingress.1753530290.cidr_blocks.#": "1",
                            "ingress.1753530290.cidr_blocks.0": "0.0.0.0/0",
                            "ingress.1753530290.description": "",
                            "ingress.1753530290.from_port": "22",
                            "ingress.1753530290.ipv6_cidr_blocks.#": "0",
                            "ingress.1753530290.prefix_list_ids.#": "0",
                            "ingress.1753530290.protocol": "tcp",
                            "ingress.1753530290.security_groups.#": "0",
                            "ingress.1753530290.self": "false",
                            "ingress.1753530290.to_port": "22",
                            "name": "terraform-20190708190511752200000002",
                            "owner_id": "118104210923",
                            "revoke_rules_on_delete": "false",
                            "tags.%": "2",
                            "tags.Name": "grafana-tf-bastion",
                            "tags.description": "Enable access to the bastion host",
                            "vpc_id": "vpc-076c73ab6f54caae6"
                        },
                        "meta": {
                            "e2bfb730-ecaa-11e6-8f88-34363bc7c4c0": {
                                "create": 600000000000,
                                "delete": 600000000000
                            },
                            "schema_version": "1"
                        },
                        "tainted": false
                    },
                    "deposed": [],
                    "provider": "provider.aws"
                },
                "aws_security_group.grafana-tf-db": {
                    "type": "aws_security_group",
                    "depends_on": [
                        "aws_vpc.grafana-tf-vpc"
                    ],
                    "primary": {
                        "id": "sg-0c79a75d94f4eaea2",
                        "attributes": {
                            "arn": "arn:aws:ec2:us-east-2:118104210923:security-group/sg-0c79a75d94f4eaea2",
                            "description": "Managed by Terraform",
                            "egress.#": "2",
                            "egress.1163740523.cidr_blocks.#": "1",
                            "egress.1163740523.cidr_blocks.0": "0.0.0.0/0",
                            "egress.1163740523.description": "",
                            "egress.1163740523.from_port": "3306",
                            "egress.1163740523.ipv6_cidr_blocks.#": "0",
                            "egress.1163740523.prefix_list_ids.#": "0",
                            "egress.1163740523.protocol": "tcp",
                            "egress.1163740523.security_groups.#": "0",
                            "egress.1163740523.self": "false",
                            "egress.1163740523.to_port": "3306",
                            "egress.761371496.cidr_blocks.#": "1",
                            "egress.761371496.cidr_blocks.0": "0.0.0.0/0",
                            "egress.761371496.description": "",
                            "egress.761371496.from_port": "5432",
                            "egress.761371496.ipv6_cidr_blocks.#": "0",
                            "egress.761371496.prefix_list_ids.#": "0",
                            "egress.761371496.protocol": "tcp",
                            "egress.761371496.security_groups.#": "0",
                            "egress.761371496.self": "false",
                            "egress.761371496.to_port": "5432",
                            "id": "sg-0c79a75d94f4eaea2",
                            "ingress.#": "2",
                            "ingress.2138867487.cidr_blocks.#": "0",
                            "ingress.2138867487.description": "",
                            "ingress.2138867487.from_port": "3306",
                            "ingress.2138867487.ipv6_cidr_blocks.#": "0",
                            "ingress.2138867487.prefix_list_ids.#": "0",
                            "ingress.2138867487.protocol": "tcp",
                            "ingress.2138867487.security_groups.#": "1",
                            "ingress.2138867487.security_groups.552914195": "sg-060ab1979a9fab4a5",
                            "ingress.2138867487.self": "false",
                            "ingress.2138867487.to_port": "5432",
                            "ingress.667201350.cidr_blocks.#": "0",
                            "ingress.667201350.description": "",
                            "ingress.667201350.from_port": "3306",
                            "ingress.667201350.ipv6_cidr_blocks.#": "0",
                            "ingress.667201350.prefix_list_ids.#": "0",
                            "ingress.667201350.protocol": "tcp",
                            "ingress.667201350.security_groups.#": "1",
                            "ingress.667201350.security_groups.258963664": "sg-0701f0d9ffaf7676d",
                            "ingress.667201350.self": "false",
                            "ingress.667201350.to_port": "5432",
                            "name": "terraform-20190708190511748200000001",
                            "owner_id": "118104210923",
                            "revoke_rules_on_delete": "false",
                            "tags.%": "2",
                            "tags.Name": "grafana-tf-db",
                            "tags.description": "Enable access to the RDS DB",
                            "vpc_id": "vpc-076c73ab6f54caae6"
                        },
                        "meta": {
                            "e2bfb730-ecaa-11e6-8f88-34363bc7c4c0": {
                                "create": 600000000000,
                                "delete": 600000000000
                            },
                            "schema_version": "1"
                        },
                        "tainted": false
                    },
                    "deposed": [],
                    "provider": "provider.aws"
                },
                "aws_security_group.grafana-tf-elb": {
                    "type": "aws_security_group",
                    "depends_on": [
                        "aws_vpc.grafana-tf-vpc"
                    ],
                    "primary": {
                        "id": "sg-01a78df6bf123b17b",
                        "attributes": {
                            "arn": "arn:aws:ec2:us-east-2:118104210923:security-group/sg-01a78df6bf123b17b",
                            "description": "Managed by Terraform",
                            "egress.#": "1",
                            "egress.678336030.cidr_blocks.#": "0",
                            "egress.678336030.description": "",
                            "egress.678336030.from_port": "3000",
                            "egress.678336030.ipv6_cidr_blocks.#": "0",
                            "egress.678336030.prefix_list_ids.#": "0",
                            "egress.678336030.protocol": "tcp",
                            "egress.678336030.security_groups.#": "1",
                            "egress.678336030.security_groups.258963664": "sg-0701f0d9ffaf7676d",
                            "egress.678336030.self": "false",
                            "egress.678336030.to_port": "3000",
                            "id": "sg-01a78df6bf123b17b",
                            "ingress.#": "1",
                            "ingress.2080286321.cidr_blocks.#": "1",
                            "ingress.2080286321.cidr_blocks.0": "0.0.0.0/0",
                            "ingress.2080286321.description": "",
                            "ingress.2080286321.from_port": "80",
                            "ingress.2080286321.ipv6_cidr_blocks.#": "0",
                            "ingress.2080286321.prefix_list_ids.#": "0",
                            "ingress.2080286321.protocol": "tcp",
                            "ingress.2080286321.security_groups.#": "0",
                            "ingress.2080286321.self": "false",
                            "ingress.2080286321.to_port": "80",
                            "name": "terraform-20190708190512222200000003",
                            "owner_id": "118104210923",
                            "revoke_rules_on_delete": "false",
                            "tags.%": "2",
                            "tags.Name": "grafana-tf-elb",
                            "tags.description": "Enable http/https ingress",
                            "vpc_id": "vpc-076c73ab6f54caae6"
                        },
                        "meta": {
                            "e2bfb730-ecaa-11e6-8f88-34363bc7c4c0": {
                                "create": 600000000000,
                                "delete": 600000000000
                            },
                            "schema_version": "1"
                        },
                        "tainted": false
                    },
                    "deposed": [],
                    "provider": "provider.aws"
                },
                "aws_security_group_rule.grafana-tf-app-db-ingress": {
                    "type": "aws_security_group_rule",
                    "depends_on": [
                        "aws_security_group.grafana-tf-app",
                        "aws_security_group.grafana-tf-db"
                    ],
                    "primary": {
                        "id": "sgrule-1364859770",
                        "attributes": {
                            "cidr_blocks.#": "0",
                            "description": "",
                            "from_port": "3306",
                            "id": "sgrule-1364859770",
                            "ipv6_cidr_blocks.#": "0",
                            "prefix_list_ids.#": "0",
                            "protocol": "tcp",
                            "security_group_id": "sg-0c79a75d94f4eaea2",
                            "self": "false",
                            "source_security_group_id": "sg-060ab1979a9fab4a5",
                            "to_port": "5432",
                            "type": "ingress"
                        },
                        "meta": {
                            "schema_version": "2"
                        },
                        "tainted": false
                    },
                    "deposed": [],
                    "provider": "provider.aws"
                },
                "aws_security_group_rule.grafana-tf-bastion-app-egress": {
                    "type": "aws_security_group_rule",
                    "depends_on": [
                        "aws_security_group.grafana-tf-app",
                        "aws_security_group.grafana-tf-bastion"
                    ],
                    "primary": {
                        "id": "sgrule-1848821094",
                        "attributes": {
                            "cidr_blocks.#": "0",
                            "description": "",
                            "from_port": "22",
                            "id": "sgrule-1848821094",
                            "ipv6_cidr_blocks.#": "0",
                            "prefix_list_ids.#": "0",
                            "protocol": "tcp",
                            "security_group_id": "sg-0701f0d9ffaf7676d",
                            "self": "false",
                            "source_security_group_id": "sg-060ab1979a9fab4a5",
                            "to_port": "22",
                            "type": "egress"
                        },
                        "meta": {
                            "schema_version": "2"
                        },
                        "tainted": false
                    },
                    "deposed": [],
                    "provider": "provider.aws"
                },
                "aws_security_group_rule.grafana-tf-bastion-db-egress": {
                    "type": "aws_security_group_rule",
                    "depends_on": [
                        "aws_security_group.grafana-tf-bastion",
                        "aws_security_group.grafana-tf-db"
                    ],
                    "primary": {
                        "id": "sgrule-863244105",
                        "attributes": {
                            "cidr_blocks.#": "0",
                            "description": "",
                            "from_port": "3306",
                            "id": "sgrule-863244105",
                            "ipv6_cidr_blocks.#": "0",
                            "prefix_list_ids.#": "0",
                            "protocol": "tcp",
                            "security_group_id": "sg-0701f0d9ffaf7676d",
                            "self": "false",
                            "source_security_group_id": "sg-0c79a75d94f4eaea2",
                            "to_port": "5432",
                            "type": "egress"
                        },
                        "meta": {
                            "schema_version": "2"
                        },
                        "tainted": false
                    },
                    "deposed": [],
                    "provider": "provider.aws"
                },
                "aws_security_group_rule.grafana-tf-bastion-db-igress": {
                    "type": "aws_security_group_rule",
                    "depends_on": [
                        "aws_security_group.grafana-tf-bastion",
                        "aws_security_group.grafana-tf-db"
                    ],
                    "primary": {
                        "id": "sgrule-1380242642",
                        "attributes": {
                            "cidr_blocks.#": "0",
                            "description": "",
                            "from_port": "3306",
                            "id": "sgrule-1380242642",
                            "ipv6_cidr_blocks.#": "0",
                            "prefix_list_ids.#": "0",
                            "protocol": "tcp",
                            "security_group_id": "sg-0c79a75d94f4eaea2",
                            "self": "false",
                            "source_security_group_id": "sg-0701f0d9ffaf7676d",
                            "to_port": "5432",
                            "type": "ingress"
                        },
                        "meta": {
                            "schema_version": "2"
                        },
                        "tainted": false
                    },
                    "deposed": [],
                    "provider": "provider.aws"
                },
                "aws_security_group_rule.grafana-tf-bastion-elb-egress": {
                    "type": "aws_security_group_rule",
                    "depends_on": [
                        "aws_security_group.grafana-tf-bastion",
                        "aws_security_group.grafana-tf-elb"
                    ],
                    "primary": {
                        "id": "sgrule-1358101417",
                        "attributes": {
                            "cidr_blocks.#": "0",
                            "description": "",
                            "from_port": "3000",
                            "id": "sgrule-1358101417",
                            "ipv6_cidr_blocks.#": "0",
                            "prefix_list_ids.#": "0",
                            "protocol": "tcp",
                            "security_group_id": "sg-01a78df6bf123b17b",
                            "self": "false",
                            "source_security_group_id": "sg-0701f0d9ffaf7676d",
                            "to_port": "3000",
                            "type": "egress"
                        },
                        "meta": {
                            "schema_version": "2"
                        },
                        "tainted": false
                    },
                    "deposed": [],
                    "provider": "provider.aws"
                },
                "aws_subnet.grafana-tf-pri-subnet-1": {
                    "type": "aws_subnet",
                    "depends_on": [
                        "aws_vpc.grafana-tf-vpc",
                        "data.aws_availability_zones.available"
                    ],
                    "primary": {
                        "id": "subnet-00d2ae425de51f9c0",
                        "attributes": {
                            "arn": "arn:aws:ec2:us-east-2:118104210923:subnet/subnet-00d2ae425de51f9c0",
                            "assign_ipv6_address_on_creation": "false",
                            "availability_zone": "us-east-2a",
                            "availability_zone_id": "use2-az1",
                            "cidr_block": "10.50.64.0/19",
                            "id": "subnet-00d2ae425de51f9c0",
                            "ipv6_cidr_block": "",
                            "ipv6_cidr_block_association_id": "",
                            "map_public_ip_on_launch": "false",
                            "owner_id": "118104210923",
                            "tags.%": "1",
                            "tags.Name": "grafana-tf-pri-subnet-1",
                            "vpc_id": "vpc-076c73ab6f54caae6"
                        },
                        "meta": {
                            "e2bfb730-ecaa-11e6-8f88-34363bc7c4c0": {
                                "create": 600000000000,
                                "delete": 1200000000000
                            },
                            "schema_version": "1"
                        },
                        "tainted": false
                    },
                    "deposed": [],
                    "provider": "provider.aws"
                },
                "aws_subnet.grafana-tf-pri-subnet-2": {
                    "type": "aws_subnet",
                    "depends_on": [
                        "aws_vpc.grafana-tf-vpc",
                        "data.aws_availability_zones.available"
                    ],
                    "primary": {
                        "id": "subnet-065dc989268de9dc7",
                        "attributes": {
                            "arn": "arn:aws:ec2:us-east-2:118104210923:subnet/subnet-065dc989268de9dc7",
                            "assign_ipv6_address_on_creation": "false",
                            "availability_zone": "us-east-2b",
                            "availability_zone_id": "use2-az2",
                            "cidr_block": "10.50.96.0/19",
                            "id": "subnet-065dc989268de9dc7",
                            "ipv6_cidr_block": "",
                            "ipv6_cidr_block_association_id": "",
                            "map_public_ip_on_launch": "false",
                            "owner_id": "118104210923",
                            "tags.%": "1",
                            "tags.Name": "grafana-tf-pri-subnet-2",
                            "vpc_id": "vpc-076c73ab6f54caae6"
                        },
                        "meta": {
                            "e2bfb730-ecaa-11e6-8f88-34363bc7c4c0": {
                                "create": 600000000000,
                                "delete": 1200000000000
                            },
                            "schema_version": "1"
                        },
                        "tainted": false
                    },
                    "deposed": [],
                    "provider": "provider.aws"
                },
                "aws_subnet.grafana-tf-pub-subnet-1": {
                    "type": "aws_subnet",
                    "depends_on": [
                        "aws_vpc.grafana-tf-vpc",
                        "data.aws_availability_zones.available"
                    ],
                    "primary": {
                        "id": "subnet-08b5c0c5479b7ae60",
                        "attributes": {
                            "arn": "arn:aws:ec2:us-east-2:118104210923:subnet/subnet-08b5c0c5479b7ae60",
                            "assign_ipv6_address_on_creation": "false",
                            "availability_zone": "us-east-2a",
                            "availability_zone_id": "use2-az1",
                            "cidr_block": "10.50.0.0/24",
                            "id": "subnet-08b5c0c5479b7ae60",
                            "ipv6_cidr_block": "",
                            "ipv6_cidr_block_association_id": "",
                            "map_public_ip_on_launch": "false",
                            "owner_id": "118104210923",
                            "tags.%": "1",
                            "tags.Name": "grafana-tf-subnet-1",
                            "vpc_id": "vpc-076c73ab6f54caae6"
                        },
                        "meta": {
                            "e2bfb730-ecaa-11e6-8f88-34363bc7c4c0": {
                                "create": 600000000000,
                                "delete": 1200000000000
                            },
                            "schema_version": "1"
                        },
                        "tainted": false
                    },
                    "deposed": [],
                    "provider": "provider.aws"
                },
                "aws_subnet.grafana-tf-pub-subnet-2": {
                    "type": "aws_subnet",
                    "depends_on": [
                        "aws_vpc.grafana-tf-vpc",
                        "data.aws_availability_zones.available"
                    ],
                    "primary": {
                        "id": "subnet-08aaaea071602eeb6",
                        "attributes": {
                            "arn": "arn:aws:ec2:us-east-2:118104210923:subnet/subnet-08aaaea071602eeb6",
                            "assign_ipv6_address_on_creation": "false",
                            "availability_zone": "us-east-2b",
                            "availability_zone_id": "use2-az2",
                            "cidr_block": "10.50.1.0/24",
                            "id": "subnet-08aaaea071602eeb6",
                            "ipv6_cidr_block": "",
                            "ipv6_cidr_block_association_id": "",
                            "map_public_ip_on_launch": "false",
                            "owner_id": "118104210923",
                            "tags.%": "1",
                            "tags.Name": "grafana-tf-subnet-2",
                            "vpc_id": "vpc-076c73ab6f54caae6"
                        },
                        "meta": {
                            "e2bfb730-ecaa-11e6-8f88-34363bc7c4c0": {
                                "create": 600000000000,
                                "delete": 1200000000000
                            },
                            "schema_version": "1"
                        },
                        "tainted": false
                    },
                    "deposed": [],
                    "provider": "provider.aws"
                },
                "aws_vpc.grafana-tf-vpc": {
                    "type": "aws_vpc",
                    "depends_on": [],
                    "primary": {
                        "id": "vpc-076c73ab6f54caae6",
                        "attributes": {
                            "arn": "arn:aws:ec2:us-east-2:118104210923:vpc/vpc-076c73ab6f54caae6",
                            "assign_generated_ipv6_cidr_block": "false",
                            "cidr_block": "10.50.0.0/16",
                            "default_network_acl_id": "acl-0ca41ed578771bf73",
                            "default_route_table_id": "rtb-0a4c881eea1222b06",
                            "default_security_group_id": "sg-09e4f7690c42e4350",
                            "dhcp_options_id": "dopt-9268c9fb",
                            "enable_dns_hostnames": "true",
                            "enable_dns_support": "true",
                            "id": "vpc-076c73ab6f54caae6",
                            "instance_tenancy": "default",
                            "ipv6_association_id": "",
                            "ipv6_cidr_block": "",
                            "main_route_table_id": "rtb-0a4c881eea1222b06",
                            "owner_id": "118104210923",
                            "tags.%": "1",
                            "tags.Name": "grafana-tf-vpc"
                        },
                        "meta": {
                            "schema_version": "1"
                        },
                        "tainted": false
                    },
                    "deposed": [],
                    "provider": "provider.aws"
                },
                "data.aws_availability_zones.available": {
                    "type": "aws_availability_zones",
                    "depends_on": [],
                    "primary": {
                        "id": "2019-07-08 23:33:05.8306182 +0000 UTC",
                        "attributes": {
                            "id": "2019-07-08 23:33:05.8306182 +0000 UTC",
                            "names.#": "3",
                            "names.0": "us-east-2a",
                            "names.1": "us-east-2b",
                            "names.2": "us-east-2c",
                            "state": "available",
                            "zone_ids.#": "3",
                            "zone_ids.0": "use2-az1",
                            "zone_ids.1": "use2-az2",
                            "zone_ids.2": "use2-az3"
                        },
                        "meta": {},
                        "tainted": false
                    },
                    "deposed": [],
                    "provider": "provider.aws"
                },
                "data.template_file.user_data": {
                    "type": "template_file",
                    "depends_on": [],
                    "primary": {
                        "id": "e9940c29e6752f91b43b735f4c961523a121523ddc97337046a0733b720774aa",
                        "attributes": {
                            "id": "e9940c29e6752f91b43b735f4c961523a121523ddc97337046a0733b720774aa",
                            "rendered": "#!/bin/bash -xe\r\nyum update -y\r\n",
                            "template": "#!/bin/bash -xe\r\nyum update -y\r\n"
                        },
                        "meta": {},
                        "tainted": false
                    },
                    "deposed": [],
                    "provider": "provider.template"
                }
            },
            "depends_on": []
        }
    ]
}
